{
    "_meta": {
        "hash": {
            "sha256": "76c33aea7765489add782f7a569b66d0b14a8cb3c13cde165b7bce524fdc42aa"
        },
        "pipfile-spec": 6,
        "requires": {
            "python_full_version": "3.12.0",
            "python_version": "3.12"
        },
        "sources": [
            {
                "name": "pypi",
                "url": "https://pypi.org/simple",
                "verify_ssl": true
            }
        ]
    },
    "default": {
        "loguru": {
            "hashes": [
                "sha256:003d71e3d3ed35f0f8984898359d65b79e5b21943f78af86aa5491210429b8eb",
                "sha256:e671a53522515f34fd406340ee968cb9ecafbc4b36c679da03c18fd8d0bd51ac"
            ],
            "index": "pypi",
            "markers": "python_version >= '3.5'",
            "version": "==0.7.2"
        },
        "pyaes": {
            "hashes": [
                "sha256:02c1b1405c38d3c370b085fb952dd8bea3fadcee6411ad99f312cc129c536d8f"
            ],
            "version": "==1.6.1"
        },
        "pyasn1": {
            "hashes": [
                "sha256:4439847c58d40b1d0a573d07e3856e95333f1976294494c325775aeca506eb58",
                "sha256:6d391a96e59b23130a5cfa74d6fd7f388dbbe26cc8f1edf39fdddf08d9d6676c"
            ],
            "markers": "python_version >= '2.7' and python_version not in '3.0, 3.1, 3.2, 3.3, 3.4, 3.5'",
            "version": "==0.5.1"
        },
        "rsa": {
            "hashes": [
                "sha256:90260d9058e514786967344d0ef75fa8727eed8a7d2e43ce9f4bcf1b536174f7",
                "sha256:e38464a49c6c85d7f1351b0126661487a7e0a14a50f1675ec50eb34d4f20ef21"
            ],
            "markers": "python_version >= '3.6' and python_version < '4'",
            "version": "==4.9"
        },
        "telethon": {
            "hashes": [
                "sha256:9e515bac70fc5bc58cbace0e193a42bb42511f16bb7a319707f860476e8ce164"
            ],
            "index": "pypi",
            "markers": "python_version >= '3.5'",
            "version": "==1.33.0"
        }
    },
    "develop": {}
}
